
Microsoft Visual Studio Solution File, Format Version 12.000
# Visual Studio Version 17
VisualStudioVersion = 17.8.34309.116
MinimumVisualStudioVersion = 10.0.40219.1
Project("{FAE04EC0-301F-11D3-BF4B-00C04F79EFBC}") = "Menu-Bar", "Menu-Bar\Menu-Bar.csproj", "{F70BB434-562D-4D00-B030-E27F683030E4}"
EndProject
Global
	GlobalSection(SolutionConfigurationPlatforms) = preSolution
		Debug|Any CPU = Debug|Any CPU
		Release|Any CPU = Release|Any CPU
	EndGlobalSection
	GlobalSection(ProjectConfigurationPlatforms) = postSolution
		{F70BB434-562D-4D00-B030-E27F683030E4}.Debug|Any CPU.ActiveCfg = Debug|Any CPU
		{F70BB434-562D-4D00-B030-E27F683030E4}.Debug|Any CPU.Build.0 = Debug|Any CPU
		{F70BB434-562D-4D00-B030-E27F683030E4}.Release|Any CPU.ActiveCfg = Release|Any CPU
		{F70BB434-562D-4D00-B030-E27F683030E4}.Release|Any CPU.Build.0 = Release|Any CPU
	EndGlobalSection
	GlobalSection(SolutionProperties) = preSolution
		HideSolutionNode = FALSE
	EndGlobalSection
	GlobalSection(ExtensibilityGlobals) = postSolution
		SolutionGuid = {6F1241D5-C247-4166-BF41-C74CCBC75063}
	EndGlobalSection
EndGlobal
